// !$*UTF8*$!
{
	archiveVersion = 1;
	classes = {
	};
	objectVersion = 56;
	objects = {

/* Begin PBXBuildFile section */
		BCCB7FB42ADA7976007DC83B /* TasksApp.swift in Sources */ = {isa = PBXBuildFile; fileRef = BCCB7FB32ADA7976007DC83B /* TasksApp.swift */; };
		BCCB7FB62ADA7976007DC83B /* MainView.swift in Sources */ = {isa = PBXBuildFile; fileRef = BCCB7FB52ADA7976007DC83B /* MainView.swift */; };
		BCCB7FB82ADA7977007DC83B /* Assets.xcassets in Resources */ = {isa = PBXBuildFile; fileRef = BCCB7FB72ADA7977007DC83B /* Assets.xcassets */; };
		BCCB7FBB2ADA7977007DC83B /* Preview Assets.xcassets in Resources */ = {isa = PBXBuildFile; fileRef = BCCB7FBA2ADA7977007DC83B /* Preview Assets.xcassets */; };
		BCCB7FC52ADA7977007DC83B /* TasksTests.swift in Sources */ = {isa = PBXBuildFile; fileRef = BCCB7FC42ADA7977007DC83B /* TasksTests.swift */; };
		BCCB7FCF2ADA7977007DC83B /* TasksUITests.swift in Sources */ = {isa = PBXBuildFile; fileRef = BCCB7FCE2ADA7977007DC83B /* TasksUITests.swift */; };
		BCCB7FD12ADA7977007DC83B /* TasksUITestsLaunchTests.swift in Sources */ = {isa = PBXBuildFile; fileRef = BCCB7FD02ADA7977007DC83B /* TasksUITestsLaunchTests.swift */; };
		BCCB7FDF2ADA7ADB007DC83B /* FirebaseAuth in Frameworks */ = {isa = PBXBuildFile; productRef = BCCB7FDE2ADA7ADB007DC83B /* FirebaseAuth */; };
		BCCB7FE12ADA7ADB007DC83B /* FirebaseFirestore in Frameworks */ = {isa = PBXBuildFile; productRef = BCCB7FE02ADA7ADB007DC83B /* FirebaseFirestore */; };
		BCCB7FE32ADA7ADB007DC83B /* FirebaseFirestoreSwift in Frameworks */ = {isa = PBXBuildFile; productRef = BCCB7FE22ADA7ADB007DC83B /* FirebaseFirestoreSwift */; };
		BCCB7FF12ADB4284007DC83B /* LoginView.swift in Sources */ = {isa = PBXBuildFile; fileRef = BCCB7FF02ADB4284007DC83B /* LoginView.swift */; };
		BCCB7FF32ADB428A007DC83B /* RegisterView.swift in Sources */ = {isa = PBXBuildFile; fileRef = BCCB7FF22ADB428A007DC83B /* RegisterView.swift */; };
		BCCB7FF72ADB4304007DC83B /* User.swift in Sources */ = {isa = PBXBuildFile; fileRef = BCCB7FF62ADB4304007DC83B /* User.swift */; };
		BCCB7FF92ADB4314007DC83B /* TaskItem.swift in Sources */ = {isa = PBXBuildFile; fileRef = BCCB7FF82ADB4314007DC83B /* TaskItem.swift */; };
		BCCB80092ADCD96F007DC83B /* landmarkData.json in Resources */ = {isa = PBXBuildFile; fileRef = BCCB80082ADCD96F007DC83B /* landmarkData.json */; };
		BCCB800F2ADE5391007DC83B /* Lusitana-Regular.ttf in Resources */ = {isa = PBXBuildFile; fileRef = BCCB800C2ADE5390007DC83B /* Lusitana-Regular.ttf */; };
		BCCB80102ADE5391007DC83B /* Lusitana-Bold.ttf in Resources */ = {isa = PBXBuildFile; fileRef = BCCB800D2ADE5390007DC83B /* Lusitana-Bold.ttf */; };
		BCCB80262ADF0AF8007DC83B /* Poppins-ExtraLight.ttf in Resources */ = {isa = PBXBuildFile; fileRef = BCCB80132ADF0AF8007DC83B /* Poppins-ExtraLight.ttf */; };
		BCCB80272ADF0AF8007DC83B /* Poppins-ThinItalic.ttf in Resources */ = {isa = PBXBuildFile; fileRef = BCCB80142ADF0AF8007DC83B /* Poppins-ThinItalic.ttf */; };
		BCCB80282ADF0AF8007DC83B /* Poppins-ExtraLightItalic.ttf in Resources */ = {isa = PBXBuildFile; fileRef = BCCB80152ADF0AF8007DC83B /* Poppins-ExtraLightItalic.ttf */; };
		BCCB80292ADF0AF8007DC83B /* Poppins-BoldItalic.ttf in Resources */ = {isa = PBXBuildFile; fileRef = BCCB80162ADF0AF8007DC83B /* Poppins-BoldItalic.ttf */; };
		BCCB802A2ADF0AF8007DC83B /* Poppins-Light.ttf in Resources */ = {isa = PBXBuildFile; fileRef = BCCB80172ADF0AF8007DC83B /* Poppins-Light.ttf */; };
		BCCB802B2ADF0AF8007DC83B /* Poppins-Medium.ttf in Resources */ = {isa = PBXBuildFile; fileRef = BCCB80182ADF0AF8007DC83B /* Poppins-Medium.ttf */; };
		BCCB802C2ADF0AF8007DC83B /* Poppins-SemiBoldItalic.ttf in Resources */ = {isa = PBXBuildFile; fileRef = BCCB80192ADF0AF8007DC83B /* Poppins-SemiBoldItalic.ttf */; };
		BCCB802D2ADF0AF8007DC83B /* Poppins-ExtraBoldItalic.ttf in Resources */ = {isa = PBXBuildFile; fileRef = BCCB801A2ADF0AF8007DC83B /* Poppins-ExtraBoldItalic.ttf */; };
		BCCB802E2ADF0AF8007DC83B /* Poppins-ExtraBold.ttf in Resources */ = {isa = PBXBuildFile; fileRef = BCCB801B2ADF0AF8007DC83B /* Poppins-ExtraBold.ttf */; };
		BCCB802F2ADF0AF8007DC83B /* Poppins-BlackItalic.ttf in Resources */ = {isa = PBXBuildFile; fileRef = BCCB801C2ADF0AF8007DC83B /* Poppins-BlackItalic.ttf */; };
		BCCB80312ADF0AF8007DC83B /* Poppins-Regular.ttf in Resources */ = {isa = PBXBuildFile; fileRef = BCCB801E2ADF0AF8007DC83B /* Poppins-Regular.ttf */; };
		BCCB80322ADF0AF8007DC83B /* Poppins-LightItalic.ttf in Resources */ = {isa = PBXBuildFile; fileRef = BCCB801F2ADF0AF8007DC83B /* Poppins-LightItalic.ttf */; };
		BCCB80332ADF0AF8007DC83B /* Poppins-Bold.ttf in Resources */ = {isa = PBXBuildFile; fileRef = BCCB80202ADF0AF8007DC83B /* Poppins-Bold.ttf */; };
		BCCB80342ADF0AF8007DC83B /* Poppins-Black.ttf in Resources */ = {isa = PBXBuildFile; fileRef = BCCB80212ADF0AF8007DC83B /* Poppins-Black.ttf */; };
		BCCB80352ADF0AF8007DC83B /* Poppins-Thin.ttf in Resources */ = {isa = PBXBuildFile; fileRef = BCCB80222ADF0AF8007DC83B /* Poppins-Thin.ttf */; };
		BCCB80362ADF0AF8007DC83B /* Poppins-SemiBold.ttf in Resources */ = {isa = PBXBuildFile; fileRef = BCCB80232ADF0AF8007DC83B /* Poppins-SemiBold.ttf */; };
		BCCB80372ADF0AF8007DC83B /* Poppins-Italic.ttf in Resources */ = {isa = PBXBuildFile; fileRef = BCCB80242ADF0AF8007DC83B /* Poppins-Italic.ttf */; };
		BCCB80382ADF0AF8007DC83B /* Poppins-MediumItalic.ttf in Resources */ = {isa = PBXBuildFile; fileRef = BCCB80252ADF0AF8007DC83B /* Poppins-MediumItalic.ttf */; };
		BCCB803A2ADF1C00007DC83B /* LoginViewViewModel.swift in Sources */ = {isa = PBXBuildFile; fileRef = BCCB80392ADF1C00007DC83B /* LoginViewViewModel.swift */; };
		BCCB803C2ADFAF7B007DC83B /* RegisterPopupView.swift in Sources */ = {isa = PBXBuildFile; fileRef = BCCB803B2ADFAF7B007DC83B /* RegisterPopupView.swift */; };
		BCCB80562ADFB89E007DC83B /* AlbertSans-Regular.ttf in Resources */ = {isa = PBXBuildFile; fileRef = BCCB80422ADFB89E007DC83B /* AlbertSans-Regular.ttf */; };
		BCCB807A2ADFB9E2007DC83B /* AlbertSans-ExtraLightItalic.ttf in Resources */ = {isa = PBXBuildFile; fileRef = BCCB80682ADFB9E2007DC83B /* AlbertSans-ExtraLightItalic.ttf */; };
		BCCB807B2ADFB9E2007DC83B /* AlbertSans-BlackItalic.ttf in Resources */ = {isa = PBXBuildFile; fileRef = BCCB80692ADFB9E2007DC83B /* AlbertSans-BlackItalic.ttf */; };
		BCCB807D2ADFB9E2007DC83B /* AlbertSans-Black.ttf in Resources */ = {isa = PBXBuildFile; fileRef = BCCB806B2ADFB9E2007DC83B /* AlbertSans-Black.ttf */; };
		BCCB807E2ADFB9E2007DC83B /* AlbertSans-Thin.ttf in Resources */ = {isa = PBXBuildFile; fileRef = BCCB806C2ADFB9E2007DC83B /* AlbertSans-Thin.ttf */; };
		BCCB807F2ADFB9E2007DC83B /* AlbertSans-Bold.ttf in Resources */ = {isa = PBXBuildFile; fileRef = BCCB806D2ADFB9E2007DC83B /* AlbertSans-Bold.ttf */; };
		BCCB80802ADFB9E2007DC83B /* AlbertSans-SemiBold.ttf in Resources */ = {isa = PBXBuildFile; fileRef = BCCB806E2ADFB9E2007DC83B /* AlbertSans-SemiBold.ttf */; };
		BCCB80812ADFB9E2007DC83B /* AlbertSans-Italic.ttf in Resources */ = {isa = PBXBuildFile; fileRef = BCCB806F2ADFB9E2007DC83B /* AlbertSans-Italic.ttf */; };
		BCCB80822ADFB9E2007DC83B /* AlbertSans-LightItalic.ttf in Resources */ = {isa = PBXBuildFile; fileRef = BCCB80702ADFB9E2007DC83B /* AlbertSans-LightItalic.ttf */; };
		BCCB80832ADFB9E2007DC83B /* AlbertSans-ExtraBoldItalic.ttf in Resources */ = {isa = PBXBuildFile; fileRef = BCCB80712ADFB9E2007DC83B /* AlbertSans-ExtraBoldItalic.ttf */; };
		BCCB80842ADFB9E2007DC83B /* AlbertSans-Light.ttf in Resources */ = {isa = PBXBuildFile; fileRef = BCCB80722ADFB9E2007DC83B /* AlbertSans-Light.ttf */; };
		BCCB80852ADFB9E2007DC83B /* AlbertSans-MediumItalic.ttf in Resources */ = {isa = PBXBuildFile; fileRef = BCCB80732ADFB9E2007DC83B /* AlbertSans-MediumItalic.ttf */; };
		BCCB80862ADFB9E2007DC83B /* AlbertSans-Medium.ttf in Resources */ = {isa = PBXBuildFile; fileRef = BCCB80742ADFB9E2007DC83B /* AlbertSans-Medium.ttf */; };
		BCCB80872ADFB9E2007DC83B /* AlbertSans-ExtraBold.ttf in Resources */ = {isa = PBXBuildFile; fileRef = BCCB80752ADFB9E2007DC83B /* AlbertSans-ExtraBold.ttf */; };
		BCCB80882ADFB9E2007DC83B /* AlbertSans-ThinItalic.ttf in Resources */ = {isa = PBXBuildFile; fileRef = BCCB80762ADFB9E2007DC83B /* AlbertSans-ThinItalic.ttf */; };
		BCCB80892ADFB9E2007DC83B /* AlbertSans-ExtraLight.ttf in Resources */ = {isa = PBXBuildFile; fileRef = BCCB80772ADFB9E2007DC83B /* AlbertSans-ExtraLight.ttf */; };
		BCCB808A2ADFB9E2007DC83B /* AlbertSans-BoldItalic.ttf in Resources */ = {isa = PBXBuildFile; fileRef = BCCB80782ADFB9E2007DC83B /* AlbertSans-BoldItalic.ttf */; };
		BCCB808B2ADFB9E2007DC83B /* AlbertSans-SemiBoldItalic.ttf in Resources */ = {isa = PBXBuildFile; fileRef = BCCB80792ADFB9E2007DC83B /* AlbertSans-SemiBoldItalic.ttf */; };
		BCCB808E2AE08740007DC83B /* GoogleService-Info.plist in Resources */ = {isa = PBXBuildFile; fileRef = BCCB808D2AE0873F007DC83B /* GoogleService-Info.plist */; };
		BCCB80902AE0B0A4007DC83B /* RegisterPopupViewViewModel.swift in Sources */ = {isa = PBXBuildFile; fileRef = BCCB808F2AE0B0A4007DC83B /* RegisterPopupViewViewModel.swift */; };
		BCCB80922AE0EEDB007DC83B /* Extensions.swift in Sources */ = {isa = PBXBuildFile; fileRef = BCCB80912AE0EEDB007DC83B /* Extensions.swift */; };
		BCCB80952AE0F708007DC83B /* Constants.swift in Sources */ = {isa = PBXBuildFile; fileRef = BCCB80942AE0F708007DC83B /* Constants.swift */; };
		BCCB80972AE0F90D007DC83B /* MainViewViewModel.swift in Sources */ = {isa = PBXBuildFile; fileRef = BCCB80962AE0F90D007DC83B /* MainViewViewModel.swift */; };
		BCCB80992AE0FAC6007DC83B /* HomeView.swift in Sources */ = {isa = PBXBuildFile; fileRef = BCCB80982AE0FAC6007DC83B /* HomeView.swift */; };
		BCCB809C2AE10217007DC83B /* TabButton.swift in Sources */ = {isa = PBXBuildFile; fileRef = BCCB809B2AE10217007DC83B /* TabButton.swift */; };
		BCCB809E2AE10308007DC83B /* TabBar.swift in Sources */ = {isa = PBXBuildFile; fileRef = BCCB809D2AE10308007DC83B /* TabBar.swift */; };
		BCCB80A02AE1DF1A007DC83B /* SettingsView.swift in Sources */ = {isa = PBXBuildFile; fileRef = BCCB809F2AE1DF1A007DC83B /* SettingsView.swift */; };
		BCCB80A22AE23B29007DC83B /* HomeViewViewModel.swift in Sources */ = {isa = PBXBuildFile; fileRef = BCCB80A12AE23B28007DC83B /* HomeViewViewModel.swift */; };
		BCCB80A52AE24C42007DC83B /* ButtonStyles.swift in Sources */ = {isa = PBXBuildFile; fileRef = BCCB80A42AE24C42007DC83B /* ButtonStyles.swift */; };
		BCCB80A72AE25356007DC83B /* TabBarViewModel.swift in Sources */ = {isa = PBXBuildFile; fileRef = BCCB80A62AE25356007DC83B /* TabBarViewModel.swift */; };
		BCCB80A92AE259B5007DC83B /* NewItemView.swift in Sources */ = {isa = PBXBuildFile; fileRef = BCCB80A82AE259B5007DC83B /* NewItemView.swift */; };
		BCCB80AB2AE259FA007DC83B /* NewItemViewViewModel.swift in Sources */ = {isa = PBXBuildFile; fileRef = BCCB80AA2AE259FA007DC83B /* NewItemViewViewModel.swift */; };
		BCCB80AD2AE26150007DC83B /* CustomDatePicker.swift in Sources */ = {isa = PBXBuildFile; fileRef = BCCB80AC2AE26150007DC83B /* CustomDatePicker.swift */; };
/* End PBXBuildFile section */

/* Begin PBXContainerItemProxy section */
		BCCB7FC12ADA7977007DC83B /* PBXContainerItemProxy */ = {
			isa = PBXContainerItemProxy;
			containerPortal = BCCB7FA82ADA7976007DC83B /* Project object */;
			proxyType = 1;
			remoteGlobalIDString = BCCB7FAF2ADA7976007DC83B;
			remoteInfo = Tasks;
		};
		BCCB7FCB2ADA7977007DC83B /* PBXContainerItemProxy */ = {
			isa = PBXContainerItemProxy;
			containerPortal = BCCB7FA82ADA7976007DC83B /* Project object */;
			proxyType = 1;
			remoteGlobalIDString = BCCB7FAF2ADA7976007DC83B;
			remoteInfo = Tasks;
		};
/* End PBXContainerItemProxy section */

/* Begin PBXFileReference section */
		BCCB7FB02ADA7976007DC83B /* Tasks.app */ = {isa = PBXFileReference; explicitFileType = wrapper.application; includeInIndex = 0; path = Tasks.app; sourceTree = BUILT_PRODUCTS_DIR; };
		BCCB7FB32ADA7976007DC83B /* TasksApp.swift */ = {isa = PBXFileReference; lastKnownFileType = sourcecode.swift; path = TasksApp.swift; sourceTree = "<group>"; };
		BCCB7FB52ADA7976007DC83B /* MainView.swift */ = {isa = PBXFileReference; lastKnownFileType = sourcecode.swift; path = MainView.swift; sourceTree = "<group>"; };
		BCCB7FB72ADA7977007DC83B /* Assets.xcassets */ = {isa = PBXFileReference; lastKnownFileType = folder.assetcatalog; path = Assets.xcassets; sourceTree = "<group>"; };
		BCCB7FBA2ADA7977007DC83B /* Preview Assets.xcassets */ = {isa = PBXFileReference; lastKnownFileType = folder.assetcatalog; path = "Preview Assets.xcassets"; sourceTree = "<group>"; };
		BCCB7FC02ADA7977007DC83B /* TasksTests.xctest */ = {isa = PBXFileReference; explicitFileType = wrapper.cfbundle; includeInIndex = 0; path = TasksTests.xctest; sourceTree = BUILT_PRODUCTS_DIR; };
		BCCB7FC42ADA7977007DC83B /* TasksTests.swift */ = {isa = PBXFileReference; lastKnownFileType = sourcecode.swift; path = TasksTests.swift; sourceTree = "<group>"; };
		BCCB7FCA2ADA7977007DC83B /* TasksUITests.xctest */ = {isa = PBXFileReference; explicitFileType = wrapper.cfbundle; includeInIndex = 0; path = TasksUITests.xctest; sourceTree = BUILT_PRODUCTS_DIR; };
		BCCB7FCE2ADA7977007DC83B /* TasksUITests.swift */ = {isa = PBXFileReference; lastKnownFileType = sourcecode.swift; path = TasksUITests.swift; sourceTree = "<group>"; };
		BCCB7FD02ADA7977007DC83B /* TasksUITestsLaunchTests.swift */ = {isa = PBXFileReference; lastKnownFileType = sourcecode.swift; path = TasksUITestsLaunchTests.swift; sourceTree = "<group>"; };
		BCCB7FF02ADB4284007DC83B /* LoginView.swift */ = {isa = PBXFileReference; lastKnownFileType = sourcecode.swift; path = LoginView.swift; sourceTree = "<group>"; };
		BCCB7FF22ADB428A007DC83B /* RegisterView.swift */ = {isa = PBXFileReference; lastKnownFileType = sourcecode.swift; path = RegisterView.swift; sourceTree = "<group>"; };
		BCCB7FF62ADB4304007DC83B /* User.swift */ = {isa = PBXFileReference; lastKnownFileType = sourcecode.swift; path = User.swift; sourceTree = "<group>"; };
		BCCB7FF82ADB4314007DC83B /* TaskItem.swift */ = {isa = PBXFileReference; lastKnownFileType = sourcecode.swift; path = TaskItem.swift; sourceTree = "<group>"; };
		BCCB80082ADCD96F007DC83B /* landmarkData.json */ = {isa = PBXFileReference; fileEncoding = 4; lastKnownFileType = text.json; path = landmarkData.json; sourceTree = "<group>"; };
		BCCB800C2ADE5390007DC83B /* Lusitana-Regular.ttf */ = {isa = PBXFileReference; lastKnownFileType = file; path = "Lusitana-Regular.ttf"; sourceTree = "<group>"; };
		BCCB800D2ADE5390007DC83B /* Lusitana-Bold.ttf */ = {isa = PBXFileReference; lastKnownFileType = file; path = "Lusitana-Bold.ttf"; sourceTree = "<group>"; };
		BCCB80112ADE5425007DC83B /* Info.plist */ = {isa = PBXFileReference; lastKnownFileType = text.plist; path = Info.plist; sourceTree = "<group>"; };
		BCCB80132ADF0AF8007DC83B /* Poppins-ExtraLight.ttf */ = {isa = PBXFileReference; lastKnownFileType = file; path = "Poppins-ExtraLight.ttf"; sourceTree = "<group>"; };
		BCCB80142ADF0AF8007DC83B /* Poppins-ThinItalic.ttf */ = {isa = PBXFileReference; lastKnownFileType = file; path = "Poppins-ThinItalic.ttf"; sourceTree = "<group>"; };
		BCCB80152ADF0AF8007DC83B /* Poppins-ExtraLightItalic.ttf */ = {isa = PBXFileReference; lastKnownFileType = file; path = "Poppins-ExtraLightItalic.ttf"; sourceTree = "<group>"; };
		BCCB80162ADF0AF8007DC83B /* Poppins-BoldItalic.ttf */ = {isa = PBXFileReference; lastKnownFileType = file; path = "Poppins-BoldItalic.ttf"; sourceTree = "<group>"; };
		BCCB80172ADF0AF8007DC83B /* Poppins-Light.ttf */ = {isa = PBXFileReference; lastKnownFileType = file; path = "Poppins-Light.ttf"; sourceTree = "<group>"; };
		BCCB80182ADF0AF8007DC83B /* Poppins-Medium.ttf */ = {isa = PBXFileReference; lastKnownFileType = file; path = "Poppins-Medium.ttf"; sourceTree = "<group>"; };
		BCCB80192ADF0AF8007DC83B /* Poppins-SemiBoldItalic.ttf */ = {isa = PBXFileReference; lastKnownFileType = file; path = "Poppins-SemiBoldItalic.ttf"; sourceTree = "<group>"; };
		BCCB801A2ADF0AF8007DC83B /* Poppins-ExtraBoldItalic.ttf */ = {isa = PBXFileReference; lastKnownFileType = file; path = "Poppins-ExtraBoldItalic.ttf"; sourceTree = "<group>"; };
		BCCB801B2ADF0AF8007DC83B /* Poppins-ExtraBold.ttf */ = {isa = PBXFileReference; lastKnownFileType = file; path = "Poppins-ExtraBold.ttf"; sourceTree = "<group>"; };
		BCCB801C2ADF0AF8007DC83B /* Poppins-BlackItalic.ttf */ = {isa = PBXFileReference; lastKnownFileType = file; path = "Poppins-BlackItalic.ttf"; sourceTree = "<group>"; };
		BCCB801E2ADF0AF8007DC83B /* Poppins-Regular.ttf */ = {isa = PBXFileReference; lastKnownFileType = file; path = "Poppins-Regular.ttf"; sourceTree = "<group>"; };
		BCCB801F2ADF0AF8007DC83B /* Poppins-LightItalic.ttf */ = {isa = PBXFileReference; lastKnownFileType = file; path = "Poppins-LightItalic.ttf"; sourceTree = "<group>"; };
		BCCB80202ADF0AF8007DC83B /* Poppins-Bold.ttf */ = {isa = PBXFileReference; lastKnownFileType = file; path = "Poppins-Bold.ttf"; sourceTree = "<group>"; };
		BCCB80212ADF0AF8007DC83B /* Poppins-Black.ttf */ = {isa = PBXFileReference; lastKnownFileType = file; path = "Poppins-Black.ttf"; sourceTree = "<group>"; };
		BCCB80222ADF0AF8007DC83B /* Poppins-Thin.ttf */ = {isa = PBXFileReference; lastKnownFileType = file; path = "Poppins-Thin.ttf"; sourceTree = "<group>"; };
		BCCB80232ADF0AF8007DC83B /* Poppins-SemiBold.ttf */ = {isa = PBXFileReference; lastKnownFileType = file; path = "Poppins-SemiBold.ttf"; sourceTree = "<group>"; };
		BCCB80242ADF0AF8007DC83B /* Poppins-Italic.ttf */ = {isa = PBXFileReference; lastKnownFileType = file; path = "Poppins-Italic.ttf"; sourceTree = "<group>"; };
		BCCB80252ADF0AF8007DC83B /* Poppins-MediumItalic.ttf */ = {isa = PBXFileReference; lastKnownFileType = file; path = "Poppins-MediumItalic.ttf"; sourceTree = "<group>"; };
		BCCB80392ADF1C00007DC83B /* LoginViewViewModel.swift */ = {isa = PBXFileReference; lastKnownFileType = sourcecode.swift; path = LoginViewViewModel.swift; sourceTree = "<group>"; };
		BCCB803B2ADFAF7B007DC83B /* RegisterPopupView.swift */ = {isa = PBXFileReference; lastKnownFileType = sourcecode.swift; path = RegisterPopupView.swift; sourceTree = "<group>"; };
		BCCB80422ADFB89E007DC83B /* AlbertSans-Regular.ttf */ = {isa = PBXFileReference; lastKnownFileType = file; path = "AlbertSans-Regular.ttf"; sourceTree = "<group>"; };
		BCCB80682ADFB9E2007DC83B /* AlbertSans-ExtraLightItalic.ttf */ = {isa = PBXFileReference; lastKnownFileType = file; path = "AlbertSans-ExtraLightItalic.ttf"; sourceTree = "<group>"; };
		BCCB80692ADFB9E2007DC83B /* AlbertSans-BlackItalic.ttf */ = {isa = PBXFileReference; lastKnownFileType = file; path = "AlbertSans-BlackItalic.ttf"; sourceTree = "<group>"; };
		BCCB806B2ADFB9E2007DC83B /* AlbertSans-Black.ttf */ = {isa = PBXFileReference; lastKnownFileType = file; path = "AlbertSans-Black.ttf"; sourceTree = "<group>"; };
		BCCB806C2ADFB9E2007DC83B /* AlbertSans-Thin.ttf */ = {isa = PBXFileReference; lastKnownFileType = file; path = "AlbertSans-Thin.ttf"; sourceTree = "<group>"; };
		BCCB806D2ADFB9E2007DC83B /* AlbertSans-Bold.ttf */ = {isa = PBXFileReference; lastKnownFileType = file; path = "AlbertSans-Bold.ttf"; sourceTree = "<group>"; };
		BCCB806E2ADFB9E2007DC83B /* AlbertSans-SemiBold.ttf */ = {isa = PBXFileReference; lastKnownFileType = file; path = "AlbertSans-SemiBold.ttf"; sourceTree = "<group>"; };
		BCCB806F2ADFB9E2007DC83B /* AlbertSans-Italic.ttf */ = {isa = PBXFileReference; lastKnownFileType = file; path = "AlbertSans-Italic.ttf"; sourceTree = "<group>"; };
		BCCB80702ADFB9E2007DC83B /* AlbertSans-LightItalic.ttf */ = {isa = PBXFileReference; lastKnownFileType = file; path = "AlbertSans-LightItalic.ttf"; sourceTree = "<group>"; };
		BCCB80712ADFB9E2007DC83B /* AlbertSans-ExtraBoldItalic.ttf */ = {isa = PBXFileReference; lastKnownFileType = file; path = "AlbertSans-ExtraBoldItalic.ttf"; sourceTree = "<group>"; };
		BCCB80722ADFB9E2007DC83B /* AlbertSans-Light.ttf */ = {isa = PBXFileReference; lastKnownFileType = file; path = "AlbertSans-Light.ttf"; sourceTree = "<group>"; };
		BCCB80732ADFB9E2007DC83B /* AlbertSans-MediumItalic.ttf */ = {isa = PBXFileReference; lastKnownFileType = file; path = "AlbertSans-MediumItalic.ttf"; sourceTree = "<group>"; };
		BCCB80742ADFB9E2007DC83B /* AlbertSans-Medium.ttf */ = {isa = PBXFileReference; lastKnownFileType = file; path = "AlbertSans-Medium.ttf"; sourceTree = "<group>"; };
		BCCB80752ADFB9E2007DC83B /* AlbertSans-ExtraBold.ttf */ = {isa = PBXFileReference; lastKnownFileType = file; path = "AlbertSans-ExtraBold.ttf"; sourceTree = "<group>"; };
		BCCB80762ADFB9E2007DC83B /* AlbertSans-ThinItalic.ttf */ = {isa = PBXFileReference; lastKnownFileType = file; path = "AlbertSans-ThinItalic.ttf"; sourceTree = "<group>"; };
		BCCB80772ADFB9E2007DC83B /* AlbertSans-ExtraLight.ttf */ = {isa = PBXFileReference; lastKnownFileType = file; path = "AlbertSans-ExtraLight.ttf"; sourceTree = "<group>"; };
		BCCB80782ADFB9E2007DC83B /* AlbertSans-BoldItalic.ttf */ = {isa = PBXFileReference; lastKnownFileType = file; path = "AlbertSans-BoldItalic.ttf"; sourceTree = "<group>"; };
		BCCB80792ADFB9E2007DC83B /* AlbertSans-SemiBoldItalic.ttf */ = {isa = PBXFileReference; lastKnownFileType = file; path = "AlbertSans-SemiBoldItalic.ttf"; sourceTree = "<group>"; };
		BCCB808C2ADFBA0A007DC83B /* AlbertSans-VariableFont_wght.ttf */ = {isa = PBXFileReference; lastKnownFileType = file; path = "AlbertSans-VariableFont_wght.ttf"; sourceTree = "<group>"; };
		BCCB808D2AE0873F007DC83B /* GoogleService-Info.plist */ = {isa = PBXFileReference; fileEncoding = 4; lastKnownFileType = text.plist.xml; path = "GoogleService-Info.plist"; sourceTree = "<group>"; };
		BCCB808F2AE0B0A4007DC83B /* RegisterPopupViewViewModel.swift */ = {isa = PBXFileReference; lastKnownFileType = sourcecode.swift; path = RegisterPopupViewViewModel.swift; sourceTree = "<group>"; };
		BCCB80912AE0EEDB007DC83B /* Extensions.swift */ = {isa = PBXFileReference; lastKnownFileType = sourcecode.swift; path = Extensions.swift; sourceTree = "<group>"; };
		BCCB80942AE0F708007DC83B /* Constants.swift */ = {isa = PBXFileReference; lastKnownFileType = sourcecode.swift; path = Constants.swift; sourceTree = "<group>"; };
		BCCB80962AE0F90D007DC83B /* MainViewViewModel.swift */ = {isa = PBXFileReference; lastKnownFileType = sourcecode.swift; path = MainViewViewModel.swift; sourceTree = "<group>"; };
		BCCB80982AE0FAC6007DC83B /* HomeView.swift */ = {isa = PBXFileReference; lastKnownFileType = sourcecode.swift; path = HomeView.swift; sourceTree = "<group>"; };
		BCCB809B2AE10217007DC83B /* TabButton.swift */ = {isa = PBXFileReference; lastKnownFileType = sourcecode.swift; path = TabButton.swift; sourceTree = "<group>"; };
		BCCB809D2AE10308007DC83B /* TabBar.swift */ = {isa = PBXFileReference; lastKnownFileType = sourcecode.swift; path = TabBar.swift; sourceTree = "<group>"; };
		BCCB809F2AE1DF1A007DC83B /* SettingsView.swift */ = {isa = PBXFileReference; lastKnownFileType = sourcecode.swift; path = SettingsView.swift; sourceTree = "<group>"; };
		BCCB80A12AE23B28007DC83B /* HomeViewViewModel.swift */ = {isa = PBXFileReference; lastKnownFileType = sourcecode.swift; path = HomeViewViewModel.swift; sourceTree = "<group>"; };
		BCCB80A42AE24C42007DC83B /* ButtonStyles.swift */ = {isa = PBXFileReference; lastKnownFileType = sourcecode.swift; path = ButtonStyles.swift; sourceTree = "<group>"; };
		BCCB80A62AE25356007DC83B /* TabBarViewModel.swift */ = {isa = PBXFileReference; lastKnownFileType = sourcecode.swift; path = TabBarViewModel.swift; sourceTree = "<group>"; };
		BCCB80A82AE259B5007DC83B /* NewItemView.swift */ = {isa = PBXFileReference; lastKnownFileType = sourcecode.swift; path = NewItemView.swift; sourceTree = "<group>"; };
		BCCB80AA2AE259FA007DC83B /* NewItemViewViewModel.swift */ = {isa = PBXFileReference; lastKnownFileType = sourcecode.swift; path = NewItemViewViewModel.swift; sourceTree = "<group>"; };
		BCCB80AC2AE26150007DC83B /* CustomDatePicker.swift */ = {isa = PBXFileReference; lastKnownFileType = sourcecode.swift; path = CustomDatePicker.swift; sourceTree = "<group>"; };
/* End PBXFileReference section */

/* Begin PBXFrameworksBuildPhase section */
		BCCB7FAD2ADA7976007DC83B /* Frameworks */ = {
			isa = PBXFrameworksBuildPhase;
			buildActionMask = 2147483647;
			files = (
				BCCB7FDF2ADA7ADB007DC83B /* FirebaseAuth in Frameworks */,
				BCCB7FE12ADA7ADB007DC83B /* FirebaseFirestore in Frameworks */,
				BCCB7FE32ADA7ADB007DC83B /* FirebaseFirestoreSwift in Frameworks */,
			);
			runOnlyForDeploymentPostprocessing = 0;
		};
		BCCB7FBD2ADA7977007DC83B /* Frameworks */ = {
			isa = PBXFrameworksBuildPhase;
			buildActionMask = 2147483647;
			files = (
			);
			runOnlyForDeploymentPostprocessing = 0;
		};
		BCCB7FC72ADA7977007DC83B /* Frameworks */ = {
			isa = PBXFrameworksBuildPhase;
			buildActionMask = 2147483647;
			files = (
			);
			runOnlyForDeploymentPostprocessing = 0;
		};
/* End PBXFrameworksBuildPhase section */

/* Begin PBXGroup section */
		BCCB7FA72ADA7976007DC83B = {
			isa = PBXGroup;
			children = (
				BCCB7FB22ADA7976007DC83B /* Tasks */,
				BCCB7FC32ADA7977007DC83B /* TasksTests */,
				BCCB7FCD2ADA7977007DC83B /* TasksUITests */,
				BCCB7FB12ADA7976007DC83B /* Products */,
			);
			sourceTree = "<group>";
		};
		BCCB7FB12ADA7976007DC83B /* Products */ = {
			isa = PBXGroup;
			children = (
				BCCB7FB02ADA7976007DC83B /* Tasks.app */,
				BCCB7FC02ADA7977007DC83B /* TasksTests.xctest */,
				BCCB7FCA2ADA7977007DC83B /* TasksUITests.xctest */,
			);
			name = Products;
			sourceTree = "<group>";
		};
		BCCB7FB22ADA7976007DC83B /* Tasks */ = {
			isa = PBXGroup;
			children = (
				BCCB80112ADE5425007DC83B /* Info.plist */,
				BCCB7FE92ADB4185007DC83B /* Other */,
				BCCB7FE82ADB4171007DC83B /* Models */,
				BCCB7FE72ADB4135007DC83B /* ViewModels */,
				BCCB7FE62ADB4123007DC83B /* Views */,
				BCCB7FB92ADA7977007DC83B /* Preview Content */,
			);
			path = Tasks;
			sourceTree = "<group>";
		};
		BCCB7FB92ADA7977007DC83B /* Preview Content */ = {
			isa = PBXGroup;
			children = (
				BCCB7FBA2ADA7977007DC83B /* Preview Assets.xcassets */,
			);
			path = "Preview Content";
			sourceTree = "<group>";
		};
		BCCB7FC32ADA7977007DC83B /* TasksTests */ = {
			isa = PBXGroup;
			children = (
				BCCB7FC42ADA7977007DC83B /* TasksTests.swift */,
			);
			path = TasksTests;
			sourceTree = "<group>";
		};
		BCCB7FCD2ADA7977007DC83B /* TasksUITests */ = {
			isa = PBXGroup;
			children = (
				BCCB7FCE2ADA7977007DC83B /* TasksUITests.swift */,
				BCCB7FD02ADA7977007DC83B /* TasksUITestsLaunchTests.swift */,
			);
			path = TasksUITests;
			sourceTree = "<group>";
		};
		BCCB7FE62ADB4123007DC83B /* Views */ = {
			isa = PBXGroup;
			children = (
				BCCB80A32AE24C34007DC83B /* Utils */,
				BCCB809A2AE1020B007DC83B /* Components */,
				BCCB7FB52ADA7976007DC83B /* MainView.swift */,
				BCCB7FF02ADB4284007DC83B /* LoginView.swift */,
				BCCB7FF22ADB428A007DC83B /* RegisterView.swift */,
				BCCB803B2ADFAF7B007DC83B /* RegisterPopupView.swift */,
				BCCB80982AE0FAC6007DC83B /* HomeView.swift */,
				BCCB809F2AE1DF1A007DC83B /* SettingsView.swift */,
				BCCB80A82AE259B5007DC83B /* NewItemView.swift */,
			);
			path = Views;
			sourceTree = "<group>";
		};
		BCCB7FE72ADB4135007DC83B /* ViewModels */ = {
			isa = PBXGroup;
			children = (
				BCCB80392ADF1C00007DC83B /* LoginViewViewModel.swift */,
				BCCB808F2AE0B0A4007DC83B /* RegisterPopupViewViewModel.swift */,
				BCCB80962AE0F90D007DC83B /* MainViewViewModel.swift */,
				BCCB80A12AE23B28007DC83B /* HomeViewViewModel.swift */,
				BCCB80A62AE25356007DC83B /* TabBarViewModel.swift */,
				BCCB80AA2AE259FA007DC83B /* NewItemViewViewModel.swift */,
			);
			path = ViewModels;
			sourceTree = "<group>";
		};
		BCCB7FE82ADB4171007DC83B /* Models */ = {
			isa = PBXGroup;
			children = (
				BCCB7FF62ADB4304007DC83B /* User.swift */,
				BCCB7FF82ADB4314007DC83B /* TaskItem.swift */,
			);
			path = Models;
			sourceTree = "<group>";
		};
		BCCB7FE92ADB4185007DC83B /* Other */ = {
			isa = PBXGroup;
			children = (
				BCCB80932AE0F6E6007DC83B /* Fonts */,
				BCCB808D2AE0873F007DC83B /* GoogleService-Info.plist */,
				BCCB7FB72ADA7977007DC83B /* Assets.xcassets */,
				BCCB7FB32ADA7976007DC83B /* TasksApp.swift */,
				BCCB80082ADCD96F007DC83B /* landmarkData.json */,
			);
			path = Other;
			sourceTree = "<group>";
		};
		BCCB800A2ADE5390007DC83B /* Lusitana */ = {
			isa = PBXGroup;
			children = (
				BCCB800C2ADE5390007DC83B /* Lusitana-Regular.ttf */,
				BCCB800D2ADE5390007DC83B /* Lusitana-Bold.ttf */,
			);
			path = Lusitana;
			sourceTree = "<group>";
		};
		BCCB80122ADF0AF8007DC83B /* Poppins */ = {
			isa = PBXGroup;
			children = (
				BCCB80132ADF0AF8007DC83B /* Poppins-ExtraLight.ttf */,
				BCCB80142ADF0AF8007DC83B /* Poppins-ThinItalic.ttf */,
				BCCB80152ADF0AF8007DC83B /* Poppins-ExtraLightItalic.ttf */,
				BCCB80162ADF0AF8007DC83B /* Poppins-BoldItalic.ttf */,
				BCCB80172ADF0AF8007DC83B /* Poppins-Light.ttf */,
				BCCB80182ADF0AF8007DC83B /* Poppins-Medium.ttf */,
				BCCB80192ADF0AF8007DC83B /* Poppins-SemiBoldItalic.ttf */,
				BCCB801A2ADF0AF8007DC83B /* Poppins-ExtraBoldItalic.ttf */,
				BCCB801B2ADF0AF8007DC83B /* Poppins-ExtraBold.ttf */,
				BCCB801C2ADF0AF8007DC83B /* Poppins-BlackItalic.ttf */,
				BCCB801E2ADF0AF8007DC83B /* Poppins-Regular.ttf */,
				BCCB801F2ADF0AF8007DC83B /* Poppins-LightItalic.ttf */,
				BCCB80202ADF0AF8007DC83B /* Poppins-Bold.ttf */,
				BCCB80212ADF0AF8007DC83B /* Poppins-Black.ttf */,
				BCCB80222ADF0AF8007DC83B /* Poppins-Thin.ttf */,
				BCCB80232ADF0AF8007DC83B /* Poppins-SemiBold.ttf */,
				BCCB80242ADF0AF8007DC83B /* Poppins-Italic.ttf */,
				BCCB80252ADF0AF8007DC83B /* Poppins-MediumItalic.ttf */,
			);
			path = Poppins;
			sourceTree = "<group>";
		};
		BCCB803D2ADFB89E007DC83B /* Albert Sans */ = {
			isa = PBXGroup;
			children = (
				BCCB808C2ADFBA0A007DC83B /* AlbertSans-VariableFont_wght.ttf */,
				BCCB80672ADFB9E2007DC83B /* static */,
				BCCB80422ADFB89E007DC83B /* AlbertSans-Regular.ttf */,
			);
			path = "Albert Sans";
			sourceTree = "<group>";
		};
		BCCB80672ADFB9E2007DC83B /* static */ = {
			isa = PBXGroup;
			children = (
				BCCB80682ADFB9E2007DC83B /* AlbertSans-ExtraLightItalic.ttf */,
				BCCB80692ADFB9E2007DC83B /* AlbertSans-BlackItalic.ttf */,
				BCCB806B2ADFB9E2007DC83B /* AlbertSans-Black.ttf */,
				BCCB806C2ADFB9E2007DC83B /* AlbertSans-Thin.ttf */,
				BCCB806D2ADFB9E2007DC83B /* AlbertSans-Bold.ttf */,
				BCCB806E2ADFB9E2007DC83B /* AlbertSans-SemiBold.ttf */,
				BCCB806F2ADFB9E2007DC83B /* AlbertSans-Italic.ttf */,
				BCCB80702ADFB9E2007DC83B /* AlbertSans-LightItalic.ttf */,
				BCCB80712ADFB9E2007DC83B /* AlbertSans-ExtraBoldItalic.ttf */,
				BCCB80722ADFB9E2007DC83B /* AlbertSans-Light.ttf */,
				BCCB80732ADFB9E2007DC83B /* AlbertSans-MediumItalic.ttf */,
				BCCB80742ADFB9E2007DC83B /* AlbertSans-Medium.ttf */,
				BCCB80752ADFB9E2007DC83B /* AlbertSans-ExtraBold.ttf */,
				BCCB80762ADFB9E2007DC83B /* AlbertSans-ThinItalic.ttf */,
				BCCB80772ADFB9E2007DC83B /* AlbertSans-ExtraLight.ttf */,
				BCCB80782ADFB9E2007DC83B /* AlbertSans-BoldItalic.ttf */,
				BCCB80792ADFB9E2007DC83B /* AlbertSans-SemiBoldItalic.ttf */,
			);
			path = static;
			sourceTree = "<group>";
		};
		BCCB80932AE0F6E6007DC83B /* Fonts */ = {
			isa = PBXGroup;
			children = (
				BCCB803D2ADFB89E007DC83B /* Albert Sans */,
				BCCB80122ADF0AF8007DC83B /* Poppins */,
				BCCB800A2ADE5390007DC83B /* Lusitana */,
			);
			path = Fonts;
			sourceTree = "<group>";
		};
		BCCB809A2AE1020B007DC83B /* Components */ = {
			isa = PBXGroup;
			children = (
				BCCB809B2AE10217007DC83B /* TabButton.swift */,
				BCCB809D2AE10308007DC83B /* TabBar.swift */,
				BCCB80AC2AE26150007DC83B /* CustomDatePicker.swift */,
			);
			path = Components;
			sourceTree = "<group>";
		};
		BCCB80A32AE24C34007DC83B /* Utils */ = {
			isa = PBXGroup;
			children = (
				BCCB80912AE0EEDB007DC83B /* Extensions.swift */,
				BCCB80942AE0F708007DC83B /* Constants.swift */,
				BCCB80A42AE24C42007DC83B /* ButtonStyles.swift */,
			);
			path = Utils;
			sourceTree = "<group>";
		};
/* End PBXGroup section */

/* Begin PBXNativeTarget section */
		BCCB7FAF2ADA7976007DC83B /* Tasks */ = {
			isa = PBXNativeTarget;
			buildConfigurationList = BCCB7FD42ADA7977007DC83B /* Build configuration list for PBXNativeTarget "Tasks" */;
			buildPhases = (
				BCCB7FAC2ADA7976007DC83B /* Sources */,
				BCCB7FAD2ADA7976007DC83B /* Frameworks */,
				BCCB7FAE2ADA7976007DC83B /* Resources */,
			);
			buildRules = (
			);
			dependencies = (
			);
			name = Tasks;
			packageProductDependencies = (
				BCCB7FDE2ADA7ADB007DC83B /* FirebaseAuth */,
				BCCB7FE02ADA7ADB007DC83B /* FirebaseFirestore */,
				BCCB7FE22ADA7ADB007DC83B /* FirebaseFirestoreSwift */,
			);
			productName = Tasks;
			productReference = BCCB7FB02ADA7976007DC83B /* Tasks.app */;
			productType = "com.apple.product-type.application";
		};
		BCCB7FBF2ADA7977007DC83B /* TasksTests */ = {
			isa = PBXNativeTarget;
			buildConfigurationList = BCCB7FD72ADA7977007DC83B /* Build configuration list for PBXNativeTarget "TasksTests" */;
			buildPhases = (
				BCCB7FBC2ADA7977007DC83B /* Sources */,
				BCCB7FBD2ADA7977007DC83B /* Frameworks */,
				BCCB7FBE2ADA7977007DC83B /* Resources */,
			);
			buildRules = (
			);
			dependencies = (
				BCCB7FC22ADA7977007DC83B /* PBXTargetDependency */,
			);
			name = TasksTests;
			productName = TasksTests;
			productReference = BCCB7FC02ADA7977007DC83B /* TasksTests.xctest */;
			productType = "com.apple.product-type.bundle.unit-test";
		};
		BCCB7FC92ADA7977007DC83B /* TasksUITests */ = {
			isa = PBXNativeTarget;
			buildConfigurationList = BCCB7FDA2ADA7977007DC83B /* Build configuration list for PBXNativeTarget "TasksUITests" */;
			buildPhases = (
				BCCB7FC62ADA7977007DC83B /* Sources */,
				BCCB7FC72ADA7977007DC83B /* Frameworks */,
				BCCB7FC82ADA7977007DC83B /* Resources */,
			);
			buildRules = (
			);
			dependencies = (
				BCCB7FCC2ADA7977007DC83B /* PBXTargetDependency */,
			);
			name = TasksUITests;
			productName = TasksUITests;
			productReference = BCCB7FCA2ADA7977007DC83B /* TasksUITests.xctest */;
			productType = "com.apple.product-type.bundle.ui-testing";
		};
/* End PBXNativeTarget section */

/* Begin PBXProject section */
		BCCB7FA82ADA7976007DC83B /* Project object */ = {
			isa = PBXProject;
			attributes = {
				BuildIndependentTargetsInParallel = 1;
				LastSwiftUpdateCheck = 1500;
				LastUpgradeCheck = 1500;
				TargetAttributes = {
					BCCB7FAF2ADA7976007DC83B = {
						CreatedOnToolsVersion = 15.0;
					};
					BCCB7FBF2ADA7977007DC83B = {
						CreatedOnToolsVersion = 15.0;
						TestTargetID = BCCB7FAF2ADA7976007DC83B;
					};
					BCCB7FC92ADA7977007DC83B = {
						CreatedOnToolsVersion = 15.0;
						TestTargetID = BCCB7FAF2ADA7976007DC83B;
					};
				};
			};
			buildConfigurationList = BCCB7FAB2ADA7976007DC83B /* Build configuration list for PBXProject "Tasks" */;
			compatibilityVersion = "Xcode 14.0";
			developmentRegion = en;
			hasScannedForEncodings = 0;
			knownRegions = (
				en,
				Base,
			);
			mainGroup = BCCB7FA72ADA7976007DC83B;
			packageReferences = (
				BCCB7FDD2ADA7ADB007DC83B /* XCRemoteSwiftPackageReference "firebase-ios-sdk" */,
			);
			productRefGroup = BCCB7FB12ADA7976007DC83B /* Products */;
			projectDirPath = "";
			projectRoot = "";
			targets = (
				BCCB7FAF2ADA7976007DC83B /* Tasks */,
				BCCB7FBF2ADA7977007DC83B /* TasksTests */,
				BCCB7FC92ADA7977007DC83B /* TasksUITests */,
			);
		};
/* End PBXProject section */

/* Begin PBXResourcesBuildPhase section */
		BCCB7FAE2ADA7976007DC83B /* Resources */ = {
			isa = PBXResourcesBuildPhase;
			buildActionMask = 2147483647;
			files = (
				BCCB800F2ADE5391007DC83B /* Lusitana-Regular.ttf in Resources */,
				BCCB80282ADF0AF8007DC83B /* Poppins-ExtraLightItalic.ttf in Resources */,
				BCCB802F2ADF0AF8007DC83B /* Poppins-BlackItalic.ttf in Resources */,
				BCCB802C2ADF0AF8007DC83B /* Poppins-SemiBoldItalic.ttf in Resources */,
				BCCB80562ADFB89E007DC83B /* AlbertSans-Regular.ttf in Resources */,
				BCCB802B2ADF0AF8007DC83B /* Poppins-Medium.ttf in Resources */,
				BCCB7FBB2ADA7977007DC83B /* Preview Assets.xcassets in Resources */,
				BCCB80842ADFB9E2007DC83B /* AlbertSans-Light.ttf in Resources */,
				BCCB80102ADE5391007DC83B /* Lusitana-Bold.ttf in Resources */,
				BCCB80342ADF0AF8007DC83B /* Poppins-Black.ttf in Resources */,
				BCCB80262ADF0AF8007DC83B /* Poppins-ExtraLight.ttf in Resources */,
				BCCB80092ADCD96F007DC83B /* landmarkData.json in Resources */,
				BCCB807D2ADFB9E2007DC83B /* AlbertSans-Black.ttf in Resources */,
				BCCB802D2ADF0AF8007DC83B /* Poppins-ExtraBoldItalic.ttf in Resources */,
				BCCB80822ADFB9E2007DC83B /* AlbertSans-LightItalic.ttf in Resources */,
				BCCB80322ADF0AF8007DC83B /* Poppins-LightItalic.ttf in Resources */,
				BCCB802A2ADF0AF8007DC83B /* Poppins-Light.ttf in Resources */,
				BCCB80382ADF0AF8007DC83B /* Poppins-MediumItalic.ttf in Resources */,
				BCCB80852ADFB9E2007DC83B /* AlbertSans-MediumItalic.ttf in Resources */,
				BCCB80272ADF0AF8007DC83B /* Poppins-ThinItalic.ttf in Resources */,
				BCCB80872ADFB9E2007DC83B /* AlbertSans-ExtraBold.ttf in Resources */,
				BCCB802E2ADF0AF8007DC83B /* Poppins-ExtraBold.ttf in Resources */,
				BCCB80332ADF0AF8007DC83B /* Poppins-Bold.ttf in Resources */,
				BCCB807E2ADFB9E2007DC83B /* AlbertSans-Thin.ttf in Resources */,
				BCCB80372ADF0AF8007DC83B /* Poppins-Italic.ttf in Resources */,
				BCCB808B2ADFB9E2007DC83B /* AlbertSans-SemiBoldItalic.ttf in Resources */,
				BCCB80292ADF0AF8007DC83B /* Poppins-BoldItalic.ttf in Resources */,
				BCCB80352ADF0AF8007DC83B /* Poppins-Thin.ttf in Resources */,
				BCCB7FB82ADA7977007DC83B /* Assets.xcassets in Resources */,
				BCCB80362ADF0AF8007DC83B /* Poppins-SemiBold.ttf in Resources */,
				BCCB807A2ADFB9E2007DC83B /* AlbertSans-ExtraLightItalic.ttf in Resources */,
				BCCB80892ADFB9E2007DC83B /* AlbertSans-ExtraLight.ttf in Resources */,
				BCCB808A2ADFB9E2007DC83B /* AlbertSans-BoldItalic.ttf in Resources */,
				BCCB80862ADFB9E2007DC83B /* AlbertSans-Medium.ttf in Resources */,
				BCCB807F2ADFB9E2007DC83B /* AlbertSans-Bold.ttf in Resources */,
				BCCB80812ADFB9E2007DC83B /* AlbertSans-Italic.ttf in Resources */,
				BCCB80882ADFB9E2007DC83B /* AlbertSans-ThinItalic.ttf in Resources */,
				BCCB80832ADFB9E2007DC83B /* AlbertSans-ExtraBoldItalic.ttf in Resources */,
				BCCB80312ADF0AF8007DC83B /* Poppins-Regular.ttf in Resources */,
				BCCB807B2ADFB9E2007DC83B /* AlbertSans-BlackItalic.ttf in Resources */,
				BCCB80802ADFB9E2007DC83B /* AlbertSans-SemiBold.ttf in Resources */,
				BCCB808E2AE08740007DC83B /* GoogleService-Info.plist in Resources */,
			);
			runOnlyForDeploymentPostprocessing = 0;
		};
		BCCB7FBE2ADA7977007DC83B /* Resources */ = {
			isa = PBXResourcesBuildPhase;
			buildActionMask = 2147483647;
			files = (
			);
			runOnlyForDeploymentPostprocessing = 0;
		};
		BCCB7FC82ADA7977007DC83B /* Resources */ = {
			isa = PBXResourcesBuildPhase;
			buildActionMask = 2147483647;
			files = (
			);
			runOnlyForDeploymentPostprocessing = 0;
		};
/* End PBXResourcesBuildPhase section */

/* Begin PBXSourcesBuildPhase section */
		BCCB7FAC2ADA7976007DC83B /* Sources */ = {
			isa = PBXSourcesBuildPhase;
			buildActionMask = 2147483647;
			files = (
				BCCB7FF12ADB4284007DC83B /* LoginView.swift in Sources */,
				BCCB80952AE0F708007DC83B /* Constants.swift in Sources */,
				BCCB80AD2AE26150007DC83B /* CustomDatePicker.swift in Sources */,
				BCCB80992AE0FAC6007DC83B /* HomeView.swift in Sources */,
				BCCB80972AE0F90D007DC83B /* MainViewViewModel.swift in Sources */,
				BCCB80A92AE259B5007DC83B /* NewItemView.swift in Sources */,
				BCCB803A2ADF1C00007DC83B /* LoginViewViewModel.swift in Sources */,
				BCCB80AB2AE259FA007DC83B /* NewItemViewViewModel.swift in Sources */,
				BCCB7FF92ADB4314007DC83B /* TaskItem.swift in Sources */,
				BCCB7FB62ADA7976007DC83B /* MainView.swift in Sources */,
				BCCB80902AE0B0A4007DC83B /* RegisterPopupViewViewModel.swift in Sources */,
				BCCB80922AE0EEDB007DC83B /* Extensions.swift in Sources */,
				BCCB80A02AE1DF1A007DC83B /* SettingsView.swift in Sources */,
				BCCB809E2AE10308007DC83B /* TabBar.swift in Sources */,
				BCCB80A22AE23B29007DC83B /* HomeViewViewModel.swift in Sources */,
				BCCB7FF32ADB428A007DC83B /* RegisterView.swift in Sources */,
				BCCB80A72AE25356007DC83B /* TabBarViewModel.swift in Sources */,
				BCCB80A52AE24C42007DC83B /* ButtonStyles.swift in Sources */,
				BCCB7FF72ADB4304007DC83B /* User.swift in Sources */,
				BCCB803C2ADFAF7B007DC83B /* RegisterPopupView.swift in Sources */,
				BCCB7FB42ADA7976007DC83B /* TasksApp.swift in Sources */,
				BCCB809C2AE10217007DC83B /* TabButton.swift in Sources */,
			);
			runOnlyForDeploymentPostprocessing = 0;
		};
		BCCB7FBC2ADA7977007DC83B /* Sources */ = {
			isa = PBXSourcesBuildPhase;
			buildActionMask = 2147483647;
			files = (
				BCCB7FC52ADA7977007DC83B /* TasksTests.swift in Sources */,
			);
			runOnlyForDeploymentPostprocessing = 0;
		};
		BCCB7FC62ADA7977007DC83B /* Sources */ = {
			isa = PBXSourcesBuildPhase;
			buildActionMask = 2147483647;
			files = (
				BCCB7FCF2ADA7977007DC83B /* TasksUITests.swift in Sources */,
				BCCB7FD12ADA7977007DC83B /* TasksUITestsLaunchTests.swift in Sources */,
			);
			runOnlyForDeploymentPostprocessing = 0;
		};
/* End PBXSourcesBuildPhase section */

/* Begin PBXTargetDependency section */
		BCCB7FC22ADA7977007DC83B /* PBXTargetDependency */ = {
			isa = PBXTargetDependency;
			target = BCCB7FAF2ADA7976007DC83B /* Tasks */;
			targetProxy = BCCB7FC12ADA7977007DC83B /* PBXContainerItemProxy */;
		};
		BCCB7FCC2ADA7977007DC83B /* PBXTargetDependency */ = {
			isa = PBXTargetDependency;
			target = BCCB7FAF2ADA7976007DC83B /* Tasks */;
			targetProxy = BCCB7FCB2ADA7977007DC83B /* PBXContainerItemProxy */;
		};
/* End PBXTargetDependency section */

/* Begin XCBuildConfiguration section */
		BCCB7FD22ADA7977007DC83B /* Debug */ = {
			isa = XCBuildConfiguration;
			buildSettings = {
				ALWAYS_SEARCH_USER_PATHS = NO;
				ASSETCATALOG_COMPILER_GENERATE_SWIFT_ASSET_SYMBOL_EXTENSIONS = YES;
				CLANG_ANALYZER_NONNULL = YES;
				CLANG_ANALYZER_NUMBER_OBJECT_CONVERSION = YES_AGGRESSIVE;
				CLANG_CXX_LANGUAGE_STANDARD = "gnu++20";
				CLANG_ENABLE_MODULES = YES;
				CLANG_ENABLE_OBJC_ARC = YES;
				CLANG_ENABLE_OBJC_WEAK = YES;
				CLANG_WARN_BLOCK_CAPTURE_AUTORELEASING = YES;
				CLANG_WARN_BOOL_CONVERSION = YES;
				CLANG_WARN_COMMA = YES;
				CLANG_WARN_CONSTANT_CONVERSION = YES;
				CLANG_WARN_DEPRECATED_OBJC_IMPLEMENTATIONS = YES;
				CLANG_WARN_DIRECT_OBJC_ISA_USAGE = YES_ERROR;
				CLANG_WARN_DOCUMENTATION_COMMENTS = YES;
				CLANG_WARN_EMPTY_BODY = YES;
				CLANG_WARN_ENUM_CONVERSION = YES;
				CLANG_WARN_INFINITE_RECURSION = YES;
				CLANG_WARN_INT_CONVERSION = YES;
				CLANG_WARN_NON_LITERAL_NULL_CONVERSION = YES;
				CLANG_WARN_OBJC_IMPLICIT_RETAIN_SELF = YES;
				CLANG_WARN_OBJC_LITERAL_CONVERSION = YES;
				CLANG_WARN_OBJC_ROOT_CLASS = YES_ERROR;
				CLANG_WARN_QUOTED_INCLUDE_IN_FRAMEWORK_HEADER = YES;
				CLANG_WARN_RANGE_LOOP_ANALYSIS = YES;
				CLANG_WARN_STRICT_PROTOTYPES = YES;
				CLANG_WARN_SUSPICIOUS_MOVE = YES;
				CLANG_WARN_UNGUARDED_AVAILABILITY = YES_AGGRESSIVE;
				CLANG_WARN_UNREACHABLE_CODE = YES;
				CLANG_WARN__DUPLICATE_METHOD_MATCH = YES;
				COPY_PHASE_STRIP = NO;
				DEBUG_INFORMATION_FORMAT = dwarf;
				ENABLE_STRICT_OBJC_MSGSEND = YES;
				ENABLE_TESTABILITY = YES;
				ENABLE_USER_SCRIPT_SANDBOXING = YES;
				GCC_C_LANGUAGE_STANDARD = gnu17;
				GCC_DYNAMIC_NO_PIC = NO;
				GCC_NO_COMMON_BLOCKS = YES;
				GCC_OPTIMIZATION_LEVEL = 0;
				GCC_PREPROCESSOR_DEFINITIONS = (
					"DEBUG=1",
					"$(inherited)",
				);
				GCC_WARN_64_TO_32_BIT_CONVERSION = YES;
				GCC_WARN_ABOUT_RETURN_TYPE = YES_ERROR;
				GCC_WARN_UNDECLARED_SELECTOR = YES;
				GCC_WARN_UNINITIALIZED_AUTOS = YES_AGGRESSIVE;
				GCC_WARN_UNUSED_FUNCTION = YES;
				GCC_WARN_UNUSED_VARIABLE = YES;
				IPHONEOS_DEPLOYMENT_TARGET = 17.0;
				LOCALIZATION_PREFERS_STRING_CATALOGS = YES;
				MTL_ENABLE_DEBUG_INFO = INCLUDE_SOURCE;
				MTL_FAST_MATH = YES;
				ONLY_ACTIVE_ARCH = YES;
				SDKROOT = iphoneos;
				SWIFT_ACTIVE_COMPILATION_CONDITIONS = "DEBUG $(inherited)";
				SWIFT_OPTIMIZATION_LEVEL = "-Onone";
			};
			name = Debug;
		};
		BCCB7FD32ADA7977007DC83B /* Release */ = {
			isa = XCBuildConfiguration;
			buildSettings = {
				ALWAYS_SEARCH_USER_PATHS = NO;
				ASSETCATALOG_COMPILER_GENERATE_SWIFT_ASSET_SYMBOL_EXTENSIONS = YES;
				CLANG_ANALYZER_NONNULL = YES;
				CLANG_ANALYZER_NUMBER_OBJECT_CONVERSION = YES_AGGRESSIVE;
				CLANG_CXX_LANGUAGE_STANDARD = "gnu++20";
				CLANG_ENABLE_MODULES = YES;
				CLANG_ENABLE_OBJC_ARC = YES;
				CLANG_ENABLE_OBJC_WEAK = YES;
				CLANG_WARN_BLOCK_CAPTURE_AUTORELEASING = YES;
				CLANG_WARN_BOOL_CONVERSION = YES;
				CLANG_WARN_COMMA = YES;
				CLANG_WARN_CONSTANT_CONVERSION = YES;
				CLANG_WARN_DEPRECATED_OBJC_IMPLEMENTATIONS = YES;
				CLANG_WARN_DIRECT_OBJC_ISA_USAGE = YES_ERROR;
				CLANG_WARN_DOCUMENTATION_COMMENTS = YES;
				CLANG_WARN_EMPTY_BODY = YES;
				CLANG_WARN_ENUM_CONVERSION = YES;
				CLANG_WARN_INFINITE_RECURSION = YES;
				CLANG_WARN_INT_CONVERSION = YES;
				CLANG_WARN_NON_LITERAL_NULL_CONVERSION = YES;
				CLANG_WARN_OBJC_IMPLICIT_RETAIN_SELF = YES;
				CLANG_WARN_OBJC_LITERAL_CONVERSION = YES;
				CLANG_WARN_OBJC_ROOT_CLASS = YES_ERROR;
				CLANG_WARN_QUOTED_INCLUDE_IN_FRAMEWORK_HEADER = YES;
				CLANG_WARN_RANGE_LOOP_ANALYSIS = YES;
				CLANG_WARN_STRICT_PROTOTYPES = YES;
				CLANG_WARN_SUSPICIOUS_MOVE = YES;
				CLANG_WARN_UNGUARDED_AVAILABILITY = YES_AGGRESSIVE;
				CLANG_WARN_UNREACHABLE_CODE = YES;
				CLANG_WARN__DUPLICATE_METHOD_MATCH = YES;
				COPY_PHASE_STRIP = NO;
				DEBUG_INFORMATION_FORMAT = "dwarf-with-dsym";
				ENABLE_NS_ASSERTIONS = NO;
				ENABLE_STRICT_OBJC_MSGSEND = YES;
				ENABLE_USER_SCRIPT_SANDBOXING = YES;
				GCC_C_LANGUAGE_STANDARD = gnu17;
				GCC_NO_COMMON_BLOCKS = YES;
				GCC_WARN_64_TO_32_BIT_CONVERSION = YES;
				GCC_WARN_ABOUT_RETURN_TYPE = YES_ERROR;
				GCC_WARN_UNDECLARED_SELECTOR = YES;
				GCC_WARN_UNINITIALIZED_AUTOS = YES_AGGRESSIVE;
				GCC_WARN_UNUSED_FUNCTION = YES;
				GCC_WARN_UNUSED_VARIABLE = YES;
				IPHONEOS_DEPLOYMENT_TARGET = 17.0;
				LOCALIZATION_PREFERS_STRING_CATALOGS = YES;
				MTL_ENABLE_DEBUG_INFO = NO;
				MTL_FAST_MATH = YES;
				SDKROOT = iphoneos;
				SWIFT_COMPILATION_MODE = wholemodule;
				VALIDATE_PRODUCT = YES;
			};
			name = Release;
		};
		BCCB7FD52ADA7977007DC83B /* Debug */ = {
			isa = XCBuildConfiguration;
			buildSettings = {
				ASSETCATALOG_COMPILER_APPICON_NAME = AppIcon;
				ASSETCATALOG_COMPILER_GLOBAL_ACCENT_COLOR_NAME = AccentColor;
				CODE_SIGN_STYLE = Automatic;
				CURRENT_PROJECT_VERSION = 1;
				DEVELOPMENT_ASSET_PATHS = "\"Tasks/Preview Content\"";
				ENABLE_PREVIEWS = YES;
				GENERATE_INFOPLIST_FILE = YES;
				INFOPLIST_FILE = Tasks/Info.plist;
				INFOPLIST_KEY_CFBundleDisplayName = Tasks;
				INFOPLIST_KEY_UIApplicationSceneManifest_Generation = YES;
				INFOPLIST_KEY_UIApplicationSupportsIndirectInputEvents = YES;
				INFOPLIST_KEY_UILaunchScreen_Generation = YES;
				INFOPLIST_KEY_UISupportedInterfaceOrientations = UIInterfaceOrientationPortrait;
				LD_RUNPATH_SEARCH_PATHS = (
					"$(inherited)",
					"@executable_path/Frameworks",
				);
				MARKETING_VERSION = 1.0;
				PRODUCT_BUNDLE_IDENTIFIER = com.introversed.Tasks;
				PRODUCT_NAME = "$(TARGET_NAME)";
				SWIFT_EMIT_LOC_STRINGS = YES;
				SWIFT_VERSION = 5.0;
				TARGETED_DEVICE_FAMILY = "1,2";
			};
			name = Debug;
		};
		BCCB7FD62ADA7977007DC83B /* Release */ = {
			isa = XCBuildConfiguration;
			buildSettings = {
				ASSETCATALOG_COMPILER_APPICON_NAME = AppIcon;
				ASSETCATALOG_COMPILER_GLOBAL_ACCENT_COLOR_NAME = AccentColor;
				CODE_SIGN_STYLE = Automatic;
				CURRENT_PROJECT_VERSION = 1;
				DEVELOPMENT_ASSET_PATHS = "\"Tasks/Preview Content\"";
				ENABLE_PREVIEWS = YES;
				GENERATE_INFOPLIST_FILE = YES;
				INFOPLIST_FILE = Tasks/Info.plist;
				INFOPLIST_KEY_CFBundleDisplayName = Tasks;
				INFOPLIST_KEY_UIApplicationSceneManifest_Generation = YES;
				INFOPLIST_KEY_UIApplicationSupportsIndirectInputEvents = YES;
				INFOPLIST_KEY_UILaunchScreen_Generation = YES;
				INFOPLIST_KEY_UISupportedInterfaceOrientations = UIInterfaceOrientationPortrait;
				LD_RUNPATH_SEARCH_PATHS = (
					"$(inherited)",
					"@executable_path/Frameworks",
				);
				MARKETING_VERSION = 1.0;
				PRODUCT_BUNDLE_IDENTIFIER = com.introversed.Tasks;
				PRODUCT_NAME = "$(TARGET_NAME)";
				SWIFT_EMIT_LOC_STRINGS = YES;
				SWIFT_VERSION = 5.0;
				TARGETED_DEVICE_FAMILY = "1,2";
			};
			name = Release;
		};
		BCCB7FD82ADA7977007DC83B /* Debug */ = {
			isa = XCBuildConfiguration;
			buildSettings = {
				ALWAYS_EMBED_SWIFT_STANDARD_LIBRARIES = YES;
				BUNDLE_LOADER = "$(TEST_HOST)";
				CODE_SIGN_STYLE = Automatic;
				CURRENT_PROJECT_VERSION = 1;
				GENERATE_INFOPLIST_FILE = YES;
				IPHONEOS_DEPLOYMENT_TARGET = 17.0;
				MARKETING_VERSION = 1.0;
				PRODUCT_BUNDLE_IDENTIFIER = com.introversed.TasksTests;
				PRODUCT_NAME = "$(TARGET_NAME)";
				SWIFT_EMIT_LOC_STRINGS = NO;
				SWIFT_VERSION = 5.0;
				TARGETED_DEVICE_FAMILY = "1,2";
				TEST_HOST = "$(BUILT_PRODUCTS_DIR)/Tasks.app/$(BUNDLE_EXECUTABLE_FOLDER_PATH)/Tasks";
			};
			name = Debug;
		};
		BCCB7FD92ADA7977007DC83B /* Release */ = {
			isa = XCBuildConfiguration;
			buildSettings = {
				ALWAYS_EMBED_SWIFT_STANDARD_LIBRARIES = YES;
				BUNDLE_LOADER = "$(TEST_HOST)";
				CODE_SIGN_STYLE = Automatic;
				CURRENT_PROJECT_VERSION = 1;
				GENERATE_INFOPLIST_FILE = YES;
				IPHONEOS_DEPLOYMENT_TARGET = 17.0;
				MARKETING_VERSION = 1.0;
				PRODUCT_BUNDLE_IDENTIFIER = com.introversed.TasksTests;
				PRODUCT_NAME = "$(TARGET_NAME)";
				SWIFT_EMIT_LOC_STRINGS = NO;
				SWIFT_VERSION = 5.0;
				TARGETED_DEVICE_FAMILY = "1,2";
				TEST_HOST = "$(BUILT_PRODUCTS_DIR)/Tasks.app/$(BUNDLE_EXECUTABLE_FOLDER_PATH)/Tasks";
			};
			name = Release;
		};
		BCCB7FDB2ADA7977007DC83B /* Debug */ = {
			isa = XCBuildConfiguration;
			buildSettings = {
				ALWAYS_EMBED_SWIFT_STANDARD_LIBRARIES = YES;
				CODE_SIGN_STYLE = Automatic;
				CURRENT_PROJECT_VERSION = 1;
				GENERATE_INFOPLIST_FILE = YES;
				MARKETING_VERSION = 1.0;
				PRODUCT_BUNDLE_IDENTIFIER = com.introversed.TasksUITests;
				PRODUCT_NAME = "$(TARGET_NAME)";
				SWIFT_EMIT_LOC_STRINGS = NO;
				SWIFT_VERSION = 5.0;
				TARGETED_DEVICE_FAMILY = "1,2";
				TEST_TARGET_NAME = Tasks;
			};
			name = Debug;
		};
		BCCB7FDC2ADA7977007DC83B /* Release */ = {
			isa = XCBuildConfiguration;
			buildSettings = {
				ALWAYS_EMBED_SWIFT_STANDARD_LIBRARIES = YES;
				CODE_SIGN_STYLE = Automatic;
				CURRENT_PROJECT_VERSION = 1;
				GENERATE_INFOPLIST_FILE = YES;
				MARKETING_VERSION = 1.0;
				PRODUCT_BUNDLE_IDENTIFIER = com.introversed.TasksUITests;
				PRODUCT_NAME = "$(TARGET_NAME)";
				SWIFT_EMIT_LOC_STRINGS = NO;
				SWIFT_VERSION = 5.0;
				TARGETED_DEVICE_FAMILY = "1,2";
				TEST_TARGET_NAME = Tasks;
			};
			name = Release;
		};
/* End XCBuildConfiguration section */

/* Begin XCConfigurationList section */
		BCCB7FAB2ADA7976007DC83B /* Build configuration list for PBXProject "Tasks" */ = {
			isa = XCConfigurationList;
			buildConfigurations = (
				BCCB7FD22ADA7977007DC83B /* Debug */,
				BCCB7FD32ADA7977007DC83B /* Release */,
			);
			defaultConfigurationIsVisible = 0;
			defaultConfigurationName = Release;
		};
		BCCB7FD42ADA7977007DC83B /* Build configuration list for PBXNativeTarget "Tasks" */ = {
			isa = XCConfigurationList;
			buildConfigurations = (
				BCCB7FD52ADA7977007DC83B /* Debug */,
				BCCB7FD62ADA7977007DC83B /* Release */,
			);
			defaultConfigurationIsVisible = 0;
			defaultConfigurationName = Release;
		};
		BCCB7FD72ADA7977007DC83B /* Build configuration list for PBXNativeTarget "TasksTests" */ = {
			isa = XCConfigurationList;
			buildConfigurations = (
				BCCB7FD82ADA7977007DC83B /* Debug */,
				BCCB7FD92ADA7977007DC83B /* Release */,
			);
			defaultConfigurationIsVisible = 0;
			defaultConfigurationName = Release;
		};
		BCCB7FDA2ADA7977007DC83B /* Build configuration list for PBXNativeTarget "TasksUITests" */ = {
			isa = XCConfigurationList;
			buildConfigurations = (
				BCCB7FDB2ADA7977007DC83B /* Debug */,
				BCCB7FDC2ADA7977007DC83B /* Release */,
			);
			defaultConfigurationIsVisible = 0;
			defaultConfigurationName = Release;
		};
/* End XCConfigurationList section */

/* Begin XCRemoteSwiftPackageReference section */
		BCCB7FDD2ADA7ADB007DC83B /* XCRemoteSwiftPackageReference "firebase-ios-sdk" */ = {
			isa = XCRemoteSwiftPackageReference;
			repositoryURL = "https://github.com/firebase/firebase-ios-sdk";
			requirement = {
				kind = upToNextMajorVersion;
				minimumVersion = 10.16.0;
			};
		};
/* End XCRemoteSwiftPackageReference section */

/* Begin XCSwiftPackageProductDependency section */
		BCCB7FDE2ADA7ADB007DC83B /* FirebaseAuth */ = {
			isa = XCSwiftPackageProductDependency;
			package = BCCB7FDD2ADA7ADB007DC83B /* XCRemoteSwiftPackageReference "firebase-ios-sdk" */;
			productName = FirebaseAuth;
		};
		BCCB7FE02ADA7ADB007DC83B /* FirebaseFirestore */ = {
			isa = XCSwiftPackageProductDependency;
			package = BCCB7FDD2ADA7ADB007DC83B /* XCRemoteSwiftPackageReference "firebase-ios-sdk" */;
			productName = FirebaseFirestore;
		};
		BCCB7FE22ADA7ADB007DC83B /* FirebaseFirestoreSwift */ = {
			isa = XCSwiftPackageProductDependency;
			package = BCCB7FDD2ADA7ADB007DC83B /* XCRemoteSwiftPackageReference "firebase-ios-sdk" */;
			productName = FirebaseFirestoreSwift;
		};
/* End XCSwiftPackageProductDependency section */
	};
	rootObject = BCCB7FA82ADA7976007DC83B /* Project object */;
}
